
Microsoft Visual Studio Solution File, Format Version 12.00
# Visual Studio Version 17
VisualStudioVersion = 17.13.35806.99 d17.13
MinimumVisualStudioVersion = 10.0.40219.1
Project("{FAE04EC0-301F-11D3-BF4B-00C04F79EFBC}") = "MainAlignUp1.Web", "MainAlignUp1.Web\MainAlignUp1.Web.csproj", "{334EFDA7-143B-42A2-B871-237A470D7FE3}"
EndProject
Global
	GlobalSection(SolutionConfigurationPlatforms) = preSolution
		Debug|Any CPU = Debug|Any CPU
		Release|Any CPU = Release|Any CPU
	EndGlobalSection
	GlobalSection(ProjectConfigurationPlatforms) = postSolution
		{334EFDA7-143B-42A2-B871-237A470D7FE3}.Debug|Any CPU.ActiveCfg = Debug|Any CPU
		{334EFDA7-143B-42A2-B871-237A470D7FE3}.Debug|Any CPU.Build.0 = Debug|Any CPU
		{334EFDA7-143B-42A2-B871-237A470D7FE3}.Release|Any CPU.ActiveCfg = Release|Any CPU
		{334EFDA7-143B-42A2-B871-237A470D7FE3}.Release|Any CPU.Build.0 = Release|Any CPU
	EndGlobalSection
	GlobalSection(SolutionProperties) = preSolution
		HideSolutionNode = FALSE
	EndGlobalSection
	GlobalSection(ExtensibilityGlobals) = postSolution
		SolutionGuid = {27D3FDF8-A69C-4F20-85E3-DF00C30F0414}
	EndGlobalSection
EndGlobal
